
Microsoft Visual Studio Solution File, Format Version 12.00
# Visual Studio 15
VisualStudioVersion = 15.0.28307.106
MinimumVisualStudioVersion = 10.0.40219.1
Project("{FAE04EC0-301F-11D3-BF4B-00C04F79EFBC}") = "BSTMenu", "BSTMenu\BSTMenu.csproj", "{3DDFDB67-944E-4923-B879-762506F0BADA}"
EndProject
Global
	GlobalSection(SolutionConfigurationPlatforms) = preSolution
		Debug|Any CPU = Debug|Any CPU
		Release|Any CPU = Release|Any CPU
	EndGlobalSection
	GlobalSection(ProjectConfigurationPlatforms) = postSolution
		{3DDFDB67-944E-4923-B879-762506F0BADA}.Debug|Any CPU.ActiveCfg = Debug|Any CPU
		{3DDFDB67-944E-4923-B879-762506F0BADA}.Debug|Any CPU.Build.0 = Debug|Any CPU
		{3DDFDB67-944E-4923-B879-762506F0BADA}.Release|Any CPU.ActiveCfg = Release|Any CPU
		{3DDFDB67-944E-4923-B879-762506F0BADA}.Release|Any CPU.Build.0 = Release|Any CPU
	EndGlobalSection
	GlobalSection(SolutionProperties) = preSolution
		HideSolutionNode = FALSE
	EndGlobalSection
	GlobalSection(ExtensibilityGlobals) = postSolution
		SolutionGuid = {E65490A5-B0C2-4A8A-9514-992E9CD4152B}
	EndGlobalSection
EndGlobal
